name: Deploy to Server

on:
  push:
    branches: [ main, master ]

jobs:
  deploy:
    runs-on: ubuntu-latest

    steps:
    - name: Checkout code
      uses: actions/checkout@v4

    - name: Setup Node.js
      uses: actions/setup-node@v4
      with:
        node-version: '18'

    - name: Install dependencies
      run: |
        if [ -f "package-lock.json" ]; then
          npm ci
        else
          npm install
        fi

    - name: Run tests
      run: npm test || echo "Tests skipped"

    - name: Build project
      run: npm run build || echo "Build skipped"

    - name: Deploy to server
      uses: appleboy/ssh-action@v1.0.3
      with:
        host: 5.129.250.92
        username: ${{ secrets.SERVER_USER }}
        key: ${{ secrets.SSH_PRIVATE_KEY }}
        script: |
          cd /root/diplom
          git pull origin main
          
          if [ -f "package-lock.json" ]; then
            npm ci --production
          else
            npm install --production
          fi
          
          if [ -f package.json ] && grep -q '"build"' package.json; then
            npm run build
          fi
          
          pm2 restart diplom || pm2 start npm --name "diplom" -- start
